
Microsoft Visual Studio Solution File, Format Version 12.00
# Visual Studio 2013
VisualStudioVersion = 12.0.31101.0
MinimumVisualStudioVersion = 10.0.40219.1
Project("{FAE04EC0-301F-11D3-BF4B-00C04F79EFBC}") = "MessagingService", "src\MessagingService\MessagingService.csproj", "{E99C8242-F7B6-4FFC-AFDC-2BA37CD911F8}"
EndProject
Project("{2150E333-8FDC-42A3-9474-1A3956D46DE8}") = "DirectExchange", "DirectExchange", "{79A77E47-F76D-4548-811A-BFFE6C8DAB36}"
EndProject
Project("{FAE04EC0-301F-11D3-BF4B-00C04F79EFBC}") = "NoRouteSender", "src\NoRouteSender\NoRouteSender.csproj", "{BD783E6B-FFF2-4CC9-9EF4-3542A173E190}"
EndProject
Project("{FAE04EC0-301F-11D3-BF4B-00C04F79EFBC}") = "NoRouteHandler", "src\NoRouteHandler\NoRouteHandler.csproj", "{C9F27B25-ED01-4FD0-A8E5-8482E07DF902}"
EndProject
Project("{FAE04EC0-301F-11D3-BF4B-00C04F79EFBC}") = "RoutingSender", "src\RoutingSender\RoutingSender.csproj", "{0563055F-0227-413E-BBE4-05B880A26089}"
EndProject
Project("{FAE04EC0-301F-11D3-BF4B-00C04F79EFBC}") = "HandleCars", "src\HandleCars\HandleCars.csproj", "{8BE0490C-E313-427F-912D-9393053DA04D}"
EndProject
Project("{FAE04EC0-301F-11D3-BF4B-00C04F79EFBC}") = "HandleTrucks", "src\HandleTrucks\HandleTrucks.csproj", "{33D462A0-6895-4975-B8C0-5B40926B0016}"
EndProject
Project("{2150E333-8FDC-42A3-9474-1A3956D46DE8}") = "FanoutExchange", "FanoutExchange", "{3F66A08F-D230-4F5E-804E-46A57479CEFC}"
EndProject
Project("{FAE04EC0-301F-11D3-BF4B-00C04F79EFBC}") = "SendAlert", "src\SendAlert\SendAlert.csproj", "{477F1200-C786-4EE2-9442-9B1094680569}"
EndProject
Project("{FAE04EC0-301F-11D3-BF4B-00C04F79EFBC}") = "EmailAlert", "src\EmailAlert\EmailAlert.csproj", "{3FFD5816-435C-4FC8-9BE0-098C7387761C}"
EndProject
Project("{FAE04EC0-301F-11D3-BF4B-00C04F79EFBC}") = "LogAlert", "src\LogAlert\LogAlert.csproj", "{781A3AC0-9391-498A-8613-6CE1A5816311}"
EndProject
Project("{2150E333-8FDC-42A3-9474-1A3956D46DE8}") = "TopicExchange", "TopicExchange", "{386CB6C9-02F6-409E-B3C4-0AD1D3937356}"
EndProject
Project("{FAE04EC0-301F-11D3-BF4B-00C04F79EFBC}") = "SendStoreTransaction", "src\SendStoreTransaction\SendStoreTransaction.csproj", "{C84BFDD9-C434-420A-9CCD-F9CCA8C9D844}"
EndProject
Project("{FAE04EC0-301F-11D3-BF4B-00C04F79EFBC}") = "HandleSales", "src\HandleSales\HandleSales.csproj", "{FDC8E3F0-B405-467C-93B8-73359981CF62}"
EndProject
Project("{FAE04EC0-301F-11D3-BF4B-00C04F79EFBC}") = "HandleDiscounts", "src\HandleDiscounts\HandleDiscounts.csproj", "{E31BEDA4-5EDD-44B2-89E5-768B1F93509C}"
EndProject
Project("{2150E333-8FDC-42A3-9474-1A3956D46DE8}") = "HeadersExchange", "HeadersExchange", "{3059C692-532B-4901-8866-934243AF3261}"
EndProject
Project("{FAE04EC0-301F-11D3-BF4B-00C04F79EFBC}") = "SendHeaders", "src\SendHeaders\SendHeaders.csproj", "{3BF0ED76-6108-4892-A47E-45B87D764A0E}"
EndProject
Project("{FAE04EC0-301F-11D3-BF4B-00C04F79EFBC}") = "HandleAllHeaders", "src\HandleAllHeaders\HandleAllHeaders.csproj", "{E74DC0CF-BEEB-4D00-BD50-24519CB59142}"
EndProject
Project("{FAE04EC0-301F-11D3-BF4B-00C04F79EFBC}") = "HandleAnyHeaders", "src\HandleAnyHeaders\HandleAnyHeaders.csproj", "{0B91CE2A-56A5-4427-918E-F44D634510F0}"
EndProject
Global
	GlobalSection(SolutionConfigurationPlatforms) = preSolution
		Debug|Any CPU = Debug|Any CPU
		Release|Any CPU = Release|Any CPU
	EndGlobalSection
	GlobalSection(ProjectConfigurationPlatforms) = postSolution
		{E99C8242-F7B6-4FFC-AFDC-2BA37CD911F8}.Debug|Any CPU.ActiveCfg = Debug|Any CPU
		{E99C8242-F7B6-4FFC-AFDC-2BA37CD911F8}.Debug|Any CPU.Build.0 = Debug|Any CPU
		{E99C8242-F7B6-4FFC-AFDC-2BA37CD911F8}.Release|Any CPU.ActiveCfg = Release|Any CPU
		{E99C8242-F7B6-4FFC-AFDC-2BA37CD911F8}.Release|Any CPU.Build.0 = Release|Any CPU
		{BD783E6B-FFF2-4CC9-9EF4-3542A173E190}.Debug|Any CPU.ActiveCfg = Debug|Any CPU
		{BD783E6B-FFF2-4CC9-9EF4-3542A173E190}.Debug|Any CPU.Build.0 = Debug|Any CPU
		{BD783E6B-FFF2-4CC9-9EF4-3542A173E190}.Release|Any CPU.ActiveCfg = Release|Any CPU
		{BD783E6B-FFF2-4CC9-9EF4-3542A173E190}.Release|Any CPU.Build.0 = Release|Any CPU
		{C9F27B25-ED01-4FD0-A8E5-8482E07DF902}.Debug|Any CPU.ActiveCfg = Debug|Any CPU
		{C9F27B25-ED01-4FD0-A8E5-8482E07DF902}.Debug|Any CPU.Build.0 = Debug|Any CPU
		{C9F27B25-ED01-4FD0-A8E5-8482E07DF902}.Release|Any CPU.ActiveCfg = Release|Any CPU
		{C9F27B25-ED01-4FD0-A8E5-8482E07DF902}.Release|Any CPU.Build.0 = Release|Any CPU
		{0563055F-0227-413E-BBE4-05B880A26089}.Debug|Any CPU.ActiveCfg = Debug|Any CPU
		{0563055F-0227-413E-BBE4-05B880A26089}.Debug|Any CPU.Build.0 = Debug|Any CPU
		{0563055F-0227-413E-BBE4-05B880A26089}.Release|Any CPU.ActiveCfg = Release|Any CPU
		{0563055F-0227-413E-BBE4-05B880A26089}.Release|Any CPU.Build.0 = Release|Any CPU
		{8BE0490C-E313-427F-912D-9393053DA04D}.Debug|Any CPU.ActiveCfg = Debug|Any CPU
		{8BE0490C-E313-427F-912D-9393053DA04D}.Debug|Any CPU.Build.0 = Debug|Any CPU
		{8BE0490C-E313-427F-912D-9393053DA04D}.Release|Any CPU.ActiveCfg = Release|Any CPU
		{8BE0490C-E313-427F-912D-9393053DA04D}.Release|Any CPU.Build.0 = Release|Any CPU
		{33D462A0-6895-4975-B8C0-5B40926B0016}.Debug|Any CPU.ActiveCfg = Debug|Any CPU
		{33D462A0-6895-4975-B8C0-5B40926B0016}.Debug|Any CPU.Build.0 = Debug|Any CPU
		{33D462A0-6895-4975-B8C0-5B40926B0016}.Release|Any CPU.ActiveCfg = Release|Any CPU
		{33D462A0-6895-4975-B8C0-5B40926B0016}.Release|Any CPU.Build.0 = Release|Any CPU
		{477F1200-C786-4EE2-9442-9B1094680569}.Debug|Any CPU.ActiveCfg = Debug|Any CPU
		{477F1200-C786-4EE2-9442-9B1094680569}.Debug|Any CPU.Build.0 = Debug|Any CPU
		{477F1200-C786-4EE2-9442-9B1094680569}.Release|Any CPU.ActiveCfg = Release|Any CPU
		{477F1200-C786-4EE2-9442-9B1094680569}.Release|Any CPU.Build.0 = Release|Any CPU
		{3FFD5816-435C-4FC8-9BE0-098C7387761C}.Debug|Any CPU.ActiveCfg = Debug|Any CPU
		{3FFD5816-435C-4FC8-9BE0-098C7387761C}.Debug|Any CPU.Build.0 = Debug|Any CPU
		{3FFD5816-435C-4FC8-9BE0-098C7387761C}.Release|Any CPU.ActiveCfg = Release|Any CPU
		{3FFD5816-435C-4FC8-9BE0-098C7387761C}.Release|Any CPU.Build.0 = Release|Any CPU
		{781A3AC0-9391-498A-8613-6CE1A5816311}.Debug|Any CPU.ActiveCfg = Debug|Any CPU
		{781A3AC0-9391-498A-8613-6CE1A5816311}.Debug|Any CPU.Build.0 = Debug|Any CPU
		{781A3AC0-9391-498A-8613-6CE1A5816311}.Release|Any CPU.ActiveCfg = Release|Any CPU
		{781A3AC0-9391-498A-8613-6CE1A5816311}.Release|Any CPU.Build.0 = Release|Any CPU
		{C84BFDD9-C434-420A-9CCD-F9CCA8C9D844}.Debug|Any CPU.ActiveCfg = Debug|Any CPU
		{C84BFDD9-C434-420A-9CCD-F9CCA8C9D844}.Debug|Any CPU.Build.0 = Debug|Any CPU
		{C84BFDD9-C434-420A-9CCD-F9CCA8C9D844}.Release|Any CPU.ActiveCfg = Release|Any CPU
		{C84BFDD9-C434-420A-9CCD-F9CCA8C9D844}.Release|Any CPU.Build.0 = Release|Any CPU
		{FDC8E3F0-B405-467C-93B8-73359981CF62}.Debug|Any CPU.ActiveCfg = Debug|Any CPU
		{FDC8E3F0-B405-467C-93B8-73359981CF62}.Debug|Any CPU.Build.0 = Debug|Any CPU
		{FDC8E3F0-B405-467C-93B8-73359981CF62}.Release|Any CPU.ActiveCfg = Release|Any CPU
		{FDC8E3F0-B405-467C-93B8-73359981CF62}.Release|Any CPU.Build.0 = Release|Any CPU
		{E31BEDA4-5EDD-44B2-89E5-768B1F93509C}.Debug|Any CPU.ActiveCfg = Debug|Any CPU
		{E31BEDA4-5EDD-44B2-89E5-768B1F93509C}.Debug|Any CPU.Build.0 = Debug|Any CPU
		{E31BEDA4-5EDD-44B2-89E5-768B1F93509C}.Release|Any CPU.ActiveCfg = Release|Any CPU
		{E31BEDA4-5EDD-44B2-89E5-768B1F93509C}.Release|Any CPU.Build.0 = Release|Any CPU
		{3BF0ED76-6108-4892-A47E-45B87D764A0E}.Debug|Any CPU.ActiveCfg = Debug|Any CPU
		{3BF0ED76-6108-4892-A47E-45B87D764A0E}.Debug|Any CPU.Build.0 = Debug|Any CPU
		{3BF0ED76-6108-4892-A47E-45B87D764A0E}.Release|Any CPU.ActiveCfg = Release|Any CPU
		{3BF0ED76-6108-4892-A47E-45B87D764A0E}.Release|Any CPU.Build.0 = Release|Any CPU
		{E74DC0CF-BEEB-4D00-BD50-24519CB59142}.Debug|Any CPU.ActiveCfg = Debug|Any CPU
		{E74DC0CF-BEEB-4D00-BD50-24519CB59142}.Debug|Any CPU.Build.0 = Debug|Any CPU
		{E74DC0CF-BEEB-4D00-BD50-24519CB59142}.Release|Any CPU.ActiveCfg = Release|Any CPU
		{E74DC0CF-BEEB-4D00-BD50-24519CB59142}.Release|Any CPU.Build.0 = Release|Any CPU
		{0B91CE2A-56A5-4427-918E-F44D634510F0}.Debug|Any CPU.ActiveCfg = Debug|Any CPU
		{0B91CE2A-56A5-4427-918E-F44D634510F0}.Debug|Any CPU.Build.0 = Debug|Any CPU
		{0B91CE2A-56A5-4427-918E-F44D634510F0}.Release|Any CPU.ActiveCfg = Release|Any CPU
		{0B91CE2A-56A5-4427-918E-F44D634510F0}.Release|Any CPU.Build.0 = Release|Any CPU
	EndGlobalSection
	GlobalSection(SolutionProperties) = preSolution
		HideSolutionNode = FALSE
	EndGlobalSection
	GlobalSection(NestedProjects) = preSolution
		{BD783E6B-FFF2-4CC9-9EF4-3542A173E190} = {79A77E47-F76D-4548-811A-BFFE6C8DAB36}
		{C9F27B25-ED01-4FD0-A8E5-8482E07DF902} = {79A77E47-F76D-4548-811A-BFFE6C8DAB36}
		{0563055F-0227-413E-BBE4-05B880A26089} = {79A77E47-F76D-4548-811A-BFFE6C8DAB36}
		{8BE0490C-E313-427F-912D-9393053DA04D} = {79A77E47-F76D-4548-811A-BFFE6C8DAB36}
		{33D462A0-6895-4975-B8C0-5B40926B0016} = {79A77E47-F76D-4548-811A-BFFE6C8DAB36}
		{477F1200-C786-4EE2-9442-9B1094680569} = {3F66A08F-D230-4F5E-804E-46A57479CEFC}
		{3FFD5816-435C-4FC8-9BE0-098C7387761C} = {3F66A08F-D230-4F5E-804E-46A57479CEFC}
		{781A3AC0-9391-498A-8613-6CE1A5816311} = {3F66A08F-D230-4F5E-804E-46A57479CEFC}
		{C84BFDD9-C434-420A-9CCD-F9CCA8C9D844} = {386CB6C9-02F6-409E-B3C4-0AD1D3937356}
		{FDC8E3F0-B405-467C-93B8-73359981CF62} = {386CB6C9-02F6-409E-B3C4-0AD1D3937356}
		{E31BEDA4-5EDD-44B2-89E5-768B1F93509C} = {386CB6C9-02F6-409E-B3C4-0AD1D3937356}
		{3BF0ED76-6108-4892-A47E-45B87D764A0E} = {3059C692-532B-4901-8866-934243AF3261}
		{E74DC0CF-BEEB-4D00-BD50-24519CB59142} = {3059C692-532B-4901-8866-934243AF3261}
		{0B91CE2A-56A5-4427-918E-F44D634510F0} = {3059C692-532B-4901-8866-934243AF3261}
	EndGlobalSection
EndGlobal
